
Microsoft Visual Studio Solution File, Format Version 12.00
# Visual Studio 15
VisualStudioVersion = 15.0.27428.2015
MinimumVisualStudioVersion = 10.0.40219.1
Project("{FAE04EC0-301F-11D3-BF4B-00C04F79EFBC}") = "Testingapp1", "Testingapp1\Testingapp1.csproj", "{ECD1A23D-8252-410C-BF10-4B1AE7E5E678}"
EndProject
Global
	GlobalSection(SolutionConfigurationPlatforms) = preSolution
		Debug|Any CPU = Debug|Any CPU
		Release|Any CPU = Release|Any CPU
	EndGlobalSection
	GlobalSection(ProjectConfigurationPlatforms) = postSolution
		{ECD1A23D-8252-410C-BF10-4B1AE7E5E678}.Debug|Any CPU.ActiveCfg = Debug|Any CPU
		{ECD1A23D-8252-410C-BF10-4B1AE7E5E678}.Debug|Any CPU.Build.0 = Debug|Any CPU
		{ECD1A23D-8252-410C-BF10-4B1AE7E5E678}.Release|Any CPU.ActiveCfg = Release|Any CPU
		{ECD1A23D-8252-410C-BF10-4B1AE7E5E678}.Release|Any CPU.Build.0 = Release|Any CPU
	EndGlobalSection
	GlobalSection(SolutionProperties) = preSolution
		HideSolutionNode = FALSE
	EndGlobalSection
	GlobalSection(ExtensibilityGlobals) = postSolution
		SolutionGuid = {9DB73063-9805-47A2-AC7A-58ED7697DAC2}
	EndGlobalSection
EndGlobal
